
Microsoft Visual Studio Solution File, Format Version 12.00
Project("{FAE04EC0-301F-11D3-BF4B-00C04F79EFBC}") = "AutoArbitrage_MVVM", "AutoArbitrage_MVVM\AutoArbitrage_MVVM.csproj", "{23632D42-23D2-4785-B6FC-11D515E83747}"
EndProject
Global
	GlobalSection(SolutionConfigurationPlatforms) = preSolution
		Debug|Any CPU = Debug|Any CPU
		Release|Any CPU = Release|Any CPU
	EndGlobalSection
	GlobalSection(ProjectConfigurationPlatforms) = postSolution
		{23632D42-23D2-4785-B6FC-11D515E83747}.Debug|Any CPU.ActiveCfg = Debug|Any CPU
		{23632D42-23D2-4785-B6FC-11D515E83747}.Debug|Any CPU.Build.0 = Debug|Any CPU
		{23632D42-23D2-4785-B6FC-11D515E83747}.Release|Any CPU.ActiveCfg = Release|Any CPU
		{23632D42-23D2-4785-B6FC-11D515E83747}.Release|Any CPU.Build.0 = Release|Any CPU
	EndGlobalSection
EndGlobal
